
Microsoft Visual Studio Solution File, Format Version 12.00
# Visual Studio Version 17
VisualStudioVersion = 17.9.34622.214
MinimumVisualStudioVersion = 10.0.40219.1
Project("{8BC9CEB8-8B4A-11D0-8D11-00A0C91BC942}") = "Parallel_Pthread_RBM", "Parallel_Pthread_RBM\Parallel_Pthread_RBM.vcxproj", "{3CFDD9D8-19E8-4D52-B15C-07CB2CC7CDBA}"
EndProject
Global
	GlobalSection(SolutionConfigurationPlatforms) = preSolution
		Debug|x64 = Debug|x64
		Debug|x86 = Debug|x86
		Release|x64 = Release|x64
		Release|x86 = Release|x86
	EndGlobalSection
	GlobalSection(ProjectConfigurationPlatforms) = postSolution
		{3CFDD9D8-19E8-4D52-B15C-07CB2CC7CDBA}.Debug|x64.ActiveCfg = Debug|x64
		{3CFDD9D8-19E8-4D52-B15C-07CB2CC7CDBA}.Debug|x64.Build.0 = Debug|x64
		{3CFDD9D8-19E8-4D52-B15C-07CB2CC7CDBA}.Debug|x86.ActiveCfg = Debug|Win32
		{3CFDD9D8-19E8-4D52-B15C-07CB2CC7CDBA}.Debug|x86.Build.0 = Debug|Win32
		{3CFDD9D8-19E8-4D52-B15C-07CB2CC7CDBA}.Release|x64.ActiveCfg = Release|x64
		{3CFDD9D8-19E8-4D52-B15C-07CB2CC7CDBA}.Release|x64.Build.0 = Release|x64
		{3CFDD9D8-19E8-4D52-B15C-07CB2CC7CDBA}.Release|x86.ActiveCfg = Release|Win32
		{3CFDD9D8-19E8-4D52-B15C-07CB2CC7CDBA}.Release|x86.Build.0 = Release|Win32
	EndGlobalSection
	GlobalSection(SolutionProperties) = preSolution
		HideSolutionNode = FALSE
	EndGlobalSection
	GlobalSection(ExtensibilityGlobals) = postSolution
		SolutionGuid = {75189B2E-093E-4CE2-91E1-6E8A076125F4}
	EndGlobalSection
EndGlobal
