
Microsoft Visual Studio Solution File, Format Version 12.00
# Visual Studio Version 17
VisualStudioVersion = 17.9.34622.214
MinimumVisualStudioVersion = 10.0.40219.1
Project("{8BC9CEB8-8B4A-11D0-8D11-00A0C91BC942}") = "Parallel_GPU_FOR", "Parallel_GPU_FOR\Parallel_GPU_FOR.vcxproj", "{4A3FD3BB-0029-4894-9A87-33FC37A81ECB}"
EndProject
Global
	GlobalSection(SolutionConfigurationPlatforms) = preSolution
		Debug|x64 = Debug|x64
		Release|x64 = Release|x64
	EndGlobalSection
	GlobalSection(ProjectConfigurationPlatforms) = postSolution
		{4A3FD3BB-0029-4894-9A87-33FC37A81ECB}.Debug|x64.ActiveCfg = Debug|x64
		{4A3FD3BB-0029-4894-9A87-33FC37A81ECB}.Debug|x64.Build.0 = Debug|x64
		{4A3FD3BB-0029-4894-9A87-33FC37A81ECB}.Release|x64.ActiveCfg = Release|x64
		{4A3FD3BB-0029-4894-9A87-33FC37A81ECB}.Release|x64.Build.0 = Release|x64
	EndGlobalSection
	GlobalSection(SolutionProperties) = preSolution
		HideSolutionNode = FALSE
	EndGlobalSection
	GlobalSection(ExtensibilityGlobals) = postSolution
		SolutionGuid = {CEC59455-E256-4E1F-8858-D34B2FDF71B3}
	EndGlobalSection
EndGlobal
