
Microsoft Visual Studio Solution File, Format Version 12.00
# Visual Studio Version 17
VisualStudioVersion = 17.9.34622.214
MinimumVisualStudioVersion = 10.0.40219.1
Project("{8BC9CEB8-8B4A-11D0-8D11-00A0C91BC942}") = "Parallel_OpenMP_RBM", "Parallel_OpenMP_RBM\Parallel_OpenMP_RBM.vcxproj", "{BD7C1E4E-F484-4CDE-9FCD-95370572D293}"
EndProject
Global
	GlobalSection(SolutionConfigurationPlatforms) = preSolution
		Debug|x64 = Debug|x64
		Debug|x86 = Debug|x86
		Release|x64 = Release|x64
		Release|x86 = Release|x86
	EndGlobalSection
	GlobalSection(ProjectConfigurationPlatforms) = postSolution
		{BD7C1E4E-F484-4CDE-9FCD-95370572D293}.Debug|x64.ActiveCfg = Debug|x64
		{BD7C1E4E-F484-4CDE-9FCD-95370572D293}.Debug|x64.Build.0 = Debug|x64
		{BD7C1E4E-F484-4CDE-9FCD-95370572D293}.Debug|x86.ActiveCfg = Debug|Win32
		{BD7C1E4E-F484-4CDE-9FCD-95370572D293}.Debug|x86.Build.0 = Debug|Win32
		{BD7C1E4E-F484-4CDE-9FCD-95370572D293}.Release|x64.ActiveCfg = Release|x64
		{BD7C1E4E-F484-4CDE-9FCD-95370572D293}.Release|x64.Build.0 = Release|x64
		{BD7C1E4E-F484-4CDE-9FCD-95370572D293}.Release|x86.ActiveCfg = Release|Win32
		{BD7C1E4E-F484-4CDE-9FCD-95370572D293}.Release|x86.Build.0 = Release|Win32
	EndGlobalSection
	GlobalSection(SolutionProperties) = preSolution
		HideSolutionNode = FALSE
	EndGlobalSection
	GlobalSection(ExtensibilityGlobals) = postSolution
		SolutionGuid = {A9A16AEC-AF6B-42CD-824F-6FB110820C9F}
	EndGlobalSection
EndGlobal
